
Microsoft Visual Studio Solution File, Format Version 12.00
# Visual Studio Version 17
VisualStudioVersion = 17.4.33213.308
MinimumVisualStudioVersion = 10.0.40219.1
Project("{FAE04EC0-301F-11D3-BF4B-00C04F79EFBC}") = "ItemData", "ItemData\ItemData.csproj", "{0F66A241-3079-41F5-B2BB-48044165A507}"
EndProject
Project("{FAE04EC0-301F-11D3-BF4B-00C04F79EFBC}") = "ItemMigration", "ItemMigration\ItemMigration.csproj", "{C9E71398-CC89-4CA3-B959-68A304928178}"
EndProject
Project("{FAE04EC0-301F-11D3-BF4B-00C04F79EFBC}") = "ItemScript", "ItemScript\ItemScript.csproj", "{03A4228F-02A4-4563-9768-066E44FE9926}"
EndProject
Project("{FAE04EC0-301F-11D3-BF4B-00C04F79EFBC}") = "ItemApp", "ItemApp\ItemApp.csproj", "{8B923944-4614-42BA-9D6C-402F3F2BD56F}"
EndProject
Project("{FAE04EC0-301F-11D3-BF4B-00C04F79EFBC}") = "ItemLoad", "ItemLoad\ItemLoad.csproj", "{2C5E7FF4-B345-4D42-9913-CA035CBAFFC9}"
EndProject
Global
	GlobalSection(SolutionConfigurationPlatforms) = preSolution
		Debug|Any CPU = Debug|Any CPU
		Release|Any CPU = Release|Any CPU
	EndGlobalSection
	GlobalSection(ProjectConfigurationPlatforms) = postSolution
		{0F66A241-3079-41F5-B2BB-48044165A507}.Debug|Any CPU.ActiveCfg = Debug|Any CPU
		{0F66A241-3079-41F5-B2BB-48044165A507}.Debug|Any CPU.Build.0 = Debug|Any CPU
		{0F66A241-3079-41F5-B2BB-48044165A507}.Release|Any CPU.ActiveCfg = Release|Any CPU
		{0F66A241-3079-41F5-B2BB-48044165A507}.Release|Any CPU.Build.0 = Release|Any CPU
		{C9E71398-CC89-4CA3-B959-68A304928178}.Debug|Any CPU.ActiveCfg = Debug|Any CPU
		{C9E71398-CC89-4CA3-B959-68A304928178}.Debug|Any CPU.Build.0 = Debug|Any CPU
		{C9E71398-CC89-4CA3-B959-68A304928178}.Release|Any CPU.ActiveCfg = Release|Any CPU
		{C9E71398-CC89-4CA3-B959-68A304928178}.Release|Any CPU.Build.0 = Release|Any CPU
		{03A4228F-02A4-4563-9768-066E44FE9926}.Debug|Any CPU.ActiveCfg = Debug|Any CPU
		{03A4228F-02A4-4563-9768-066E44FE9926}.Debug|Any CPU.Build.0 = Debug|Any CPU
		{03A4228F-02A4-4563-9768-066E44FE9926}.Release|Any CPU.ActiveCfg = Release|Any CPU
		{03A4228F-02A4-4563-9768-066E44FE9926}.Release|Any CPU.Build.0 = Release|Any CPU
		{8B923944-4614-42BA-9D6C-402F3F2BD56F}.Debug|Any CPU.ActiveCfg = Debug|Any CPU
		{8B923944-4614-42BA-9D6C-402F3F2BD56F}.Debug|Any CPU.Build.0 = Debug|Any CPU
		{8B923944-4614-42BA-9D6C-402F3F2BD56F}.Release|Any CPU.ActiveCfg = Release|Any CPU
		{8B923944-4614-42BA-9D6C-402F3F2BD56F}.Release|Any CPU.Build.0 = Release|Any CPU
		{2C5E7FF4-B345-4D42-9913-CA035CBAFFC9}.Debug|Any CPU.ActiveCfg = Debug|Any CPU
		{2C5E7FF4-B345-4D42-9913-CA035CBAFFC9}.Debug|Any CPU.Build.0 = Debug|Any CPU
		{2C5E7FF4-B345-4D42-9913-CA035CBAFFC9}.Release|Any CPU.ActiveCfg = Release|Any CPU
		{2C5E7FF4-B345-4D42-9913-CA035CBAFFC9}.Release|Any CPU.Build.0 = Release|Any CPU
	EndGlobalSection
	GlobalSection(SolutionProperties) = preSolution
		HideSolutionNode = FALSE
	EndGlobalSection
	GlobalSection(ExtensibilityGlobals) = postSolution
		SolutionGuid = {4472CE82-C1B6-43D2-A0B5-CBEB4EDC6CBC}
	EndGlobalSection
EndGlobal
